<?xml version="1.0" encoding="utf-8"?>
<Project ToolsVersion="4.0" xmlns="http://schemas.microsoft.com/developer/msbuild/2003">
  <ItemGroup>
    <Filter Include="源文件">
      <UniqueIdentifier>{4FC737F1-C7A5-4376-A066-2A32D752A2FF}</UniqueIdentifier>
      <Extensions>cpp;c;cc;cxx;def;odl;idl;hpj;bat;asm;asmx</Extensions>
    </Filter>
    <Filter Include="头文件">
      <UniqueIdentifier>{93995380-89BD-4b04-88EB-625FBE52EBFB}</UniqueIdentifier>
      <Extensions>h;hh;hpp;hxx;hm;inl;inc;ipp;xsd</Extensions>
    </Filter>
    <Filter Include="资源文件">
      <UniqueIdentifier>{67DA6AB6-F800-4c08-8B7A-83BB121AAD01}</UniqueIdentifier>
      <Extensions>rc;ico;cur;bmp;dlg;rc2;rct;bin;rgs;gif;jpg;jpeg;jpe;resx;tiff;tif;png;wav;mfcribbon-ms</Extensions>
    </Filter>
    <Filter Include="源文件\Answer">
      <UniqueIdentifier>{c943e9d1-2124-4b93-8a6f-dda6b0c8e22e}</UniqueIdentifier>
    </Filter>
    <Filter Include="源文件\Computer">
      <UniqueIdentifier>{ae027837-0533-4851-b145-65bdc5ba3a1a}</UniqueIdentifier>
    </Filter>
    <Filter Include="源文件\Convert">
      <UniqueIdentifier>{f0ff2eb5-c81b-44c5-8f16-40ca18b3bafe}</UniqueIdentifier>
    </Filter>
    <Filter Include="源文件\Network">
      <UniqueIdentifier>{9572f6fa-6d02-48e3-a38d-e766dcd88459}</UniqueIdentifier>
    </Filter>
    <Filter Include="源文件\Raft">
      <UniqueIdentifier>{415b1f98-fc2f-4a88-918e-d1041eb59cef}</UniqueIdentifier>
    </Filter>
    <Filter Include="源文件\Request">
      <UniqueIdentifier>{f5307337-69a6-4635-b278-ec9fae9a8f45}</UniqueIdentifier>
    </Filter>
    <Filter Include="源文件\Raft\Check">
      <UniqueIdentifier>{4ac9f373-9cac-40b3-b629-5836a4d6ecbb}</UniqueIdentifier>
    </Filter>
  </ItemGroup>
  <ItemGroup>
    <ClCompile Include="..\src\Answer\AdditionAnswer.cpp">
      <Filter>源文件\Answer</Filter>
    </ClCompile>
    <ClCompile Include="..\src\Answer\Answer.cpp">
      <Filter>源文件\Answer</Filter>
    </ClCompile>
    <ClCompile Include="..\src\Answer\BalanceAnswer.cpp">
      <Filter>源文件\Answer</Filter>
    </ClCompile>
    <ClCompile Include="..\src\Answer\DealAnswer.cpp">
      <Filter>源文件\Answer</Filter>
    </ClCompile>
    <ClCompile Include="..\src\Answer\FeedBack.cpp">
      <Filter>源文件\Answer</Filter>
    </ClCompile>
    <ClCompile Include="..\src\Answer\LogInAnswer.cpp">
      <Filter>源文件\Answer</Filter>
    </ClCompile>
    <ClCompile Include="..\src\Answer\RaftAnswer.cpp">
      <Filter>源文件\Answer</Filter>
    </ClCompile>
    <ClCompile Include="..\src\Answer\RecordAnswer.cpp">
      <Filter>源文件\Answer</Filter>
    </ClCompile>
    <ClCompile Include="..\src\Answer\RegisterAnswer.cpp">
      <Filter>源文件\Answer</Filter>
    </ClCompile>
    <ClCompile Include="..\src\Answer\VoteAnswer.cpp">
      <Filter>源文件\Answer</Filter>
    </ClCompile>
    <ClCompile Include="..\src\Computer\Computer.cpp">
      <Filter>源文件\Computer</Filter>
    </ClCompile>
    <ClCompile Include="..\src\Convert\Convert.cpp">
      <Filter>源文件\Convert</Filter>
    </ClCompile>
    <ClCompile Include="..\src\Network\Address.cpp">
      <Filter>源文件\Network</Filter>
    </ClCompile>
    <ClCompile Include="..\src\Network\TxtNetworkImpl.cpp">
      <Filter>源文件\Network</Filter>
    </ClCompile>
    <ClCompile Include="..\src\Raft\Logs.cpp">
      <Filter>源文件\Raft</Filter>
    </ClCompile>
    <ClCompile Include="..\src\Raft\raft_append.cpp">
      <Filter>源文件\Raft</Filter>
    </ClCompile>
    <ClCompile Include="..\src\Raft\raft_others.cpp">
      <Filter>源文件\Raft</Filter>
    </ClCompile>
    <ClCompile Include="..\src\Raft\raft_send.cpp">
      <Filter>源文件\Raft</Filter>
    </ClCompile>
    <ClCompile Include="..\src\Raft\raft_vote.cpp">
      <Filter>源文件\Raft</Filter>
    </ClCompile>
    <ClCompile Include="..\src\Raft\Timer.cpp">
      <Filter>源文件\Raft</Filter>
    </ClCompile>
    <ClCompile Include="..\src\Request\Addition.cpp">
      <Filter>源文件\Request</Filter>
    </ClCompile>
    <ClCompile Include="..\src\Request\BalanceCheck.cpp">
      <Filter>源文件\Request</Filter>
    </ClCompile>
    <ClCompile Include="..\src\Request\Deal.cpp">
      <Filter>源文件\Request</Filter>
    </ClCompile>
    <ClCompile Include="..\src\Request\RaftRequest.cpp">
      <Filter>源文件\Request</Filter>
    </ClCompile>
    <ClCompile Include="..\src\Request\RecordCheck.cpp">
      <Filter>源文件\Request</Filter>
    </ClCompile>
    <ClCompile Include="..\src\Request\Register.cpp">
      <Filter>源文件\Request</Filter>
    </ClCompile>
    <ClCompile Include="..\src\Request\Request.cpp">
      <Filter>源文件\Request</Filter>
    </ClCompile>
    <ClCompile Include="..\src\Request\SignIn.cpp">
      <Filter>源文件\Request</Filter>
    </ClCompile>
    <ClCompile Include="..\src\Request\Transmit.cpp">
      <Filter>源文件\Request</Filter>
    </ClCompile>
    <ClCompile Include="..\src\Request\UserRequest.cpp">
      <Filter>源文件\Request</Filter>
    </ClCompile>
    <ClCompile Include="..\src\Request\Vote.cpp">
      <Filter>源文件\Request</Filter>
    </ClCompile>
    <ClCompile Include="main.cpp">
      <Filter>源文件</Filter>
    </ClCompile>
    <ClCompile Include="raft_thread.cpp">
      <Filter>源文件</Filter>
    </ClCompile>
    <ClCompile Include="..\src\Check\check.cpp">
      <Filter>源文件\Raft\Check</Filter>
    </ClCompile>
    <ClCompile Include="..\src\Check\cllient.cpp">
      <Filter>源文件\Raft\Check</Filter>
    </ClCompile>
    <ClCompile Include="Global.cpp">
      <Filter>源文件</Filter>
    </ClCompile>
  </ItemGroup>
  <ItemGroup>
    <ClInclude Include="..\include\Address.h">
      <Filter>头文件</Filter>
    </ClInclude>
    <ClInclude Include="..\include\Answer.h">
      <Filter>头文件</Filter>
    </ClInclude>
    <ClInclude Include="..\include\Computer.h">
      <Filter>头文件</Filter>
    </ClInclude>
    <ClInclude Include="..\include\Convert.h">
      <Filter>头文件</Filter>
    </ClInclude>
    <ClInclude Include="..\include\Logs.h">
      <Filter>头文件</Filter>
    </ClInclude>
    <ClInclude Include="..\include\Message.h">
      <Filter>头文件</Filter>
    </ClInclude>
    <ClInclude Include="..\include\Network.h">
      <Filter>头文件</Filter>
    </ClInclude>
    <ClInclude Include="..\include\NetworkImpl.h">
      <Filter>头文件</Filter>
    </ClInclude>
    <ClInclude Include="..\include\Raft.h">
      <Filter>头文件</Filter>
    </ClInclude>
    <ClInclude Include="..\include\raft_type.h">
      <Filter>头文件</Filter>
    </ClInclude>
    <ClInclude Include="..\include\Request.h">
      <Filter>头文件</Filter>
    </ClInclude>
    <ClInclude Include="..\include\Timer.h">
      <Filter>头文件</Filter>
    </ClInclude>
    <ClInclude Include="..\include\client.h">
      <Filter>头文件</Filter>
    </ClInclude>
    <ClInclude Include="..\include\check.h">
      <Filter>头文件</Filter>
    </ClInclude>
    <ClInclude Include="..\include\Global.h">
      <Filter>头文件</Filter>
    </ClInclude>
  </ItemGroup>
  <ItemGroup>
    <None Include="packages.config" />
  </ItemGroup>
</Project>